
Microsoft Visual Studio Solution File, Format Version 12.00
# Visual Studio Version 17
VisualStudioVersion = 17.14.36414.22
MinimumVisualStudioVersion = 10.0.40219.1
Project("{2150E333-8FDC-42A3-9474-1A3956D46DE8}") = "src", "src", "{02EA681E-C7D8-13C7-8484-4AC65E1B71E8}"
EndProject
Project("{2150E333-8FDC-42A3-9474-1A3956D46DE8}") = "tests", "tests", "{8246308D-C606-4A57-B69C-B01447594253}"
EndProject
Project("{FAE04EC0-301F-11D3-BF4B-00C04F79EFBC}") = "OldPhonePad", "src\OldPhonePad\OldPhonePad.csproj", "{CB147512-3285-09C0-20B8-BC6CF996192A}"
EndProject
Project("{FAE04EC0-301F-11D3-BF4B-00C04F79EFBC}") = "OldPhonePad.Tests", "tests\OldPhonePad.Tests\OldPhonePad.Tests.csproj", "{E9BE93B5-31E7-435D-AAB2-E58A9D99F17E}"
EndProject
Global
	GlobalSection(SolutionConfigurationPlatforms) = preSolution
		Debug|Any CPU = Debug|Any CPU
		Release|Any CPU = Release|Any CPU
	EndGlobalSection
	GlobalSection(ProjectConfigurationPlatforms) = postSolution
		{CB147512-3285-09C0-20B8-BC6CF996192A}.Debug|Any CPU.ActiveCfg = Debug|Any CPU
		{CB147512-3285-09C0-20B8-BC6CF996192A}.Debug|Any CPU.Build.0 = Debug|Any CPU
		{CB147512-3285-09C0-20B8-BC6CF996192A}.Release|Any CPU.ActiveCfg = Release|Any CPU
		{CB147512-3285-09C0-20B8-BC6CF996192A}.Release|Any CPU.Build.0 = Release|Any CPU
		{E9BE93B5-31E7-435D-AAB2-E58A9D99F17E}.Debug|Any CPU.ActiveCfg = Debug|Any CPU
		{E9BE93B5-31E7-435D-AAB2-E58A9D99F17E}.Debug|Any CPU.Build.0 = Debug|Any CPU
		{E9BE93B5-31E7-435D-AAB2-E58A9D99F17E}.Release|Any CPU.ActiveCfg = Release|Any CPU
		{E9BE93B5-31E7-435D-AAB2-E58A9D99F17E}.Release|Any CPU.Build.0 = Release|Any CPU
	EndGlobalSection
	GlobalSection(SolutionProperties) = preSolution
		HideSolutionNode = FALSE
	EndGlobalSection
	GlobalSection(NestedProjects) = preSolution
		{CB147512-3285-09C0-20B8-BC6CF996192A} = {02EA681E-C7D8-13C7-8484-4AC65E1B71E8}
		{E9BE93B5-31E7-435D-AAB2-E58A9D99F17E} = {8246308D-C606-4A57-B69C-B01447594253}
	EndGlobalSection
	GlobalSection(ExtensibilityGlobals) = postSolution
		SolutionGuid = {A41E0C18-C326-4080-95E9-16994303FB3B}
	EndGlobalSection
EndGlobal
